
Microsoft Visual Studio Solution File, Format Version 12.00
# Visual Studio Version 17
VisualStudioVersion = 17.0.31612.314
MinimumVisualStudioVersion = 10.0.40219.1
Project("{2150E333-8FDC-42A3-9474-1A3956D46DE8}") = "src", "src", "{147844EE-5826-47AD-A828-61BC20FE85A2}"
EndProject
Project("{2150E333-8FDC-42A3-9474-1A3956D46DE8}") = "test", "test", "{CE855983-A583-46B5-8C08-9B6C7B92AF19}"
EndProject
Project("{9A19103F-16F7-4668-BE54-9A1E7A4F7556}") = "Wolf.Systems", "src\Wolf.Systems\Wolf.Systems.csproj", "{7F8EF514-CBAF-4913-82CB-B43525A0B8B8}"
EndProject
Project("{9A19103F-16F7-4668-BE54-9A1E7A4F7556}") = "Wolf.Systems.Core", "src\Wolf.Systems.Core\Wolf.Systems.Core.csproj", "{D83AA09D-DD99-4276-9628-70754DBCF788}"
EndProject
Project("{9A19103F-16F7-4668-BE54-9A1E7A4F7556}") = "Wolf.Systems.Abstracts", "src\Wolf.Systems.Abstracts\Wolf.Systems.Abstracts.csproj", "{F3B590C4-6B4D-4516-A645-D24C1A1CE93A}"
EndProject
Project("{9A19103F-16F7-4668-BE54-9A1E7A4F7556}") = "Wolf.Systems.Data", "src\Wolf.Systems.Data\Wolf.Systems.Data.csproj", "{61C1C895-DBD8-4875-B0B9-4964DE504223}"
EndProject
Project("{2150E333-8FDC-42A3-9474-1A3956D46DE8}") = "Solution Items", "Solution Items", "{80DF58E1-4CC0-40B2-8C58-33257CDD5486}"
	ProjectSection(SolutionItems) = preProject
		.editorconfig = .editorconfig
	EndProjectSection
EndProject
Project("{9A19103F-16F7-4668-BE54-9A1E7A4F7556}") = "Wolf.Systems.UnitTest", "test\Wolf.Systems.UnitTest\Wolf.Systems.UnitTest.csproj", "{70ED9950-38D8-418D-AE86-782796DACAA5}"
EndProject
Project("{9A19103F-16F7-4668-BE54-9A1E7A4F7556}") = "Wolf.Systems.Core.UnitTest", "test\Wolf.Systems.Core.UnitTest\Wolf.Systems.Core.UnitTest.csproj", "{861FE39B-02B9-44C7-84A6-4BFA1DA6AD78}"
EndProject
Global
	GlobalSection(SolutionConfigurationPlatforms) = preSolution
		Debug|Any CPU = Debug|Any CPU
		Release|Any CPU = Release|Any CPU
	EndGlobalSection
	GlobalSection(ProjectConfigurationPlatforms) = postSolution
		{7F8EF514-CBAF-4913-82CB-B43525A0B8B8}.Debug|Any CPU.ActiveCfg = Debug|Any CPU
		{7F8EF514-CBAF-4913-82CB-B43525A0B8B8}.Debug|Any CPU.Build.0 = Debug|Any CPU
		{7F8EF514-CBAF-4913-82CB-B43525A0B8B8}.Release|Any CPU.ActiveCfg = Release|Any CPU
		{7F8EF514-CBAF-4913-82CB-B43525A0B8B8}.Release|Any CPU.Build.0 = Release|Any CPU
		{D83AA09D-DD99-4276-9628-70754DBCF788}.Debug|Any CPU.ActiveCfg = Debug|Any CPU
		{D83AA09D-DD99-4276-9628-70754DBCF788}.Debug|Any CPU.Build.0 = Debug|Any CPU
		{D83AA09D-DD99-4276-9628-70754DBCF788}.Release|Any CPU.ActiveCfg = Release|Any CPU
		{D83AA09D-DD99-4276-9628-70754DBCF788}.Release|Any CPU.Build.0 = Release|Any CPU
		{F3B590C4-6B4D-4516-A645-D24C1A1CE93A}.Debug|Any CPU.ActiveCfg = Debug|Any CPU
		{F3B590C4-6B4D-4516-A645-D24C1A1CE93A}.Debug|Any CPU.Build.0 = Debug|Any CPU
		{F3B590C4-6B4D-4516-A645-D24C1A1CE93A}.Release|Any CPU.ActiveCfg = Release|Any CPU
		{F3B590C4-6B4D-4516-A645-D24C1A1CE93A}.Release|Any CPU.Build.0 = Release|Any CPU
		{61C1C895-DBD8-4875-B0B9-4964DE504223}.Debug|Any CPU.ActiveCfg = Debug|Any CPU
		{61C1C895-DBD8-4875-B0B9-4964DE504223}.Debug|Any CPU.Build.0 = Debug|Any CPU
		{61C1C895-DBD8-4875-B0B9-4964DE504223}.Release|Any CPU.ActiveCfg = Release|Any CPU
		{61C1C895-DBD8-4875-B0B9-4964DE504223}.Release|Any CPU.Build.0 = Release|Any CPU
		{70ED9950-38D8-418D-AE86-782796DACAA5}.Debug|Any CPU.ActiveCfg = Debug|Any CPU
		{70ED9950-38D8-418D-AE86-782796DACAA5}.Debug|Any CPU.Build.0 = Debug|Any CPU
		{70ED9950-38D8-418D-AE86-782796DACAA5}.Release|Any CPU.ActiveCfg = Release|Any CPU
		{70ED9950-38D8-418D-AE86-782796DACAA5}.Release|Any CPU.Build.0 = Release|Any CPU
		{861FE39B-02B9-44C7-84A6-4BFA1DA6AD78}.Debug|Any CPU.ActiveCfg = Debug|Any CPU
		{861FE39B-02B9-44C7-84A6-4BFA1DA6AD78}.Debug|Any CPU.Build.0 = Debug|Any CPU
		{861FE39B-02B9-44C7-84A6-4BFA1DA6AD78}.Release|Any CPU.ActiveCfg = Release|Any CPU
		{861FE39B-02B9-44C7-84A6-4BFA1DA6AD78}.Release|Any CPU.Build.0 = Release|Any CPU
	EndGlobalSection
	GlobalSection(SolutionProperties) = preSolution
		HideSolutionNode = FALSE
	EndGlobalSection
	GlobalSection(NestedProjects) = preSolution
		{7F8EF514-CBAF-4913-82CB-B43525A0B8B8} = {147844EE-5826-47AD-A828-61BC20FE85A2}
		{D83AA09D-DD99-4276-9628-70754DBCF788} = {147844EE-5826-47AD-A828-61BC20FE85A2}
		{F3B590C4-6B4D-4516-A645-D24C1A1CE93A} = {147844EE-5826-47AD-A828-61BC20FE85A2}
		{61C1C895-DBD8-4875-B0B9-4964DE504223} = {147844EE-5826-47AD-A828-61BC20FE85A2}
		{70ED9950-38D8-418D-AE86-782796DACAA5} = {CE855983-A583-46B5-8C08-9B6C7B92AF19}
		{861FE39B-02B9-44C7-84A6-4BFA1DA6AD78} = {CE855983-A583-46B5-8C08-9B6C7B92AF19}
	EndGlobalSection
	GlobalSection(ExtensibilityGlobals) = postSolution
		SolutionGuid = {9F83BDA5-E410-4A85-8094-1E3F69EFD466}
	EndGlobalSection
EndGlobal
